// !$*UTF8*$!
{
	archiveVersion = 1;
	classes = {
	};
	objectVersion = 56;
	objects = {

/* Begin PBXBuildFile section */
		F2058F712C7A2B4D003ED349 /* MyFirstApp.swift in Sources */ = {isa = PBXBuildFile; fileRef = F2058F702C7A2B4D003ED349 /* MyFirstApp.swift */; };
		F2058F732C7A2B4D003ED349 /* ContentView.swift in Sources */ = {isa = PBXBuildFile; fileRef = F2058F722C7A2B4D003ED349 /* ContentView.swift */; };
		F2058F752C7A2B4F003ED349 /* Assets.xcassets in Resources */ = {isa = PBXBuildFile; fileRef = F2058F742C7A2B4F003ED349 /* Assets.xcassets */; };
		F2058F782C7A2B4F003ED349 /* Preview Assets.xcassets in Resources */ = {isa = PBXBuildFile; fileRef = F2058F772C7A2B4F003ED349 /* Preview Assets.xcassets */; };
		F2058F812C7A394D003ED349 /* WelcomeView.swift in Sources */ = {isa = PBXBuildFile; fileRef = F2058F802C7A394D003ED349 /* WelcomeView.swift */; };
		F2058F832C7A395E003ED349 /* ExerciseView.swift in Sources */ = {isa = PBXBuildFile; fileRef = F2058F822C7A395E003ED349 /* ExerciseView.swift */; };
		F2058F862C7A5F63003ED349 /* HeaderView.swift in Sources */ = {isa = PBXBuildFile; fileRef = F2058F852C7A5F63003ED349 /* HeaderView.swift */; };
		F2058F8A2C7A631B003ED349 /* Exercise.swift in Sources */ = {isa = PBXBuildFile; fileRef = F2058F892C7A631B003ED349 /* Exercise.swift */; };
		F2618C322C7B54FA00C95BC8 /* sun-salute.mp4 in Resources */ = {isa = PBXBuildFile; fileRef = F2618C312C7B54FA00C95BC8 /* sun-salute.mp4 */; };
		F2618C342C7B550800C95BC8 /* step-up.mp4 in Resources */ = {isa = PBXBuildFile; fileRef = F2618C332C7B550800C95BC8 /* step-up.mp4 */; };
		F2618C362C7B551300C95BC8 /* squat.mp4 in Resources */ = {isa = PBXBuildFile; fileRef = F2618C352C7B551300C95BC8 /* squat.mp4 */; };
		F2618C382C7B551C00C95BC8 /* burpee.mp4 in Resources */ = {isa = PBXBuildFile; fileRef = F2618C372C7B551C00C95BC8 /* burpee.mp4 */; };
		F2618C3A2C7B58F100C95BC8 /* RatingView.swift in Sources */ = {isa = PBXBuildFile; fileRef = F2618C392C7B58F100C95BC8 /* RatingView.swift */; };
		F2618C3C2C7B5B5000C95BC8 /* HistoryView.swift in Sources */ = {isa = PBXBuildFile; fileRef = F2618C3B2C7B5B5000C95BC8 /* HistoryView.swift */; };
		F2618C3E2C7B636000C95BC8 /* HistoryStore.swift in Sources */ = {isa = PBXBuildFile; fileRef = F2618C3D2C7B636000C95BC8 /* HistoryStore.swift */; };
		F2618C432C7B64DF00C95BC8 /* HistoryStoreDevData.swift in Sources */ = {isa = PBXBuildFile; fileRef = F2618C422C7B64DF00C95BC8 /* HistoryStoreDevData.swift */; };
		F2618C452C7B78B400C95BC8 /* step-up.png in Resources */ = {isa = PBXBuildFile; fileRef = F2618C442C7B78B400C95BC8 /* step-up.png */; };
/* End PBXBuildFile section */

/* Begin PBXFileReference section */
		F2058F6D2C7A2B4D003ED349 /* MyFirst.app */ = {isa = PBXFileReference; explicitFileType = wrapper.application; includeInIndex = 0; path = MyFirst.app; sourceTree = BUILT_PRODUCTS_DIR; };
		F2058F702C7A2B4D003ED349 /* MyFirstApp.swift */ = {isa = PBXFileReference; lastKnownFileType = sourcecode.swift; path = MyFirstApp.swift; sourceTree = "<group>"; };
		F2058F722C7A2B4D003ED349 /* ContentView.swift */ = {isa = PBXFileReference; lastKnownFileType = sourcecode.swift; path = ContentView.swift; sourceTree = "<group>"; };
		F2058F742C7A2B4F003ED349 /* Assets.xcassets */ = {isa = PBXFileReference; lastKnownFileType = folder.assetcatalog; path = Assets.xcassets; sourceTree = "<group>"; };
		F2058F772C7A2B4F003ED349 /* Preview Assets.xcassets */ = {isa = PBXFileReference; lastKnownFileType = folder.assetcatalog; path = "Preview Assets.xcassets"; sourceTree = "<group>"; };
		F2058F802C7A394D003ED349 /* WelcomeView.swift */ = {isa = PBXFileReference; lastKnownFileType = sourcecode.swift; path = WelcomeView.swift; sourceTree = "<group>"; };
		F2058F822C7A395E003ED349 /* ExerciseView.swift */ = {isa = PBXFileReference; lastKnownFileType = sourcecode.swift; path = ExerciseView.swift; sourceTree = "<group>"; };
		F2058F852C7A5F63003ED349 /* HeaderView.swift */ = {isa = PBXFileReference; lastKnownFileType = sourcecode.swift; path = HeaderView.swift; sourceTree = "<group>"; };
		F2058F892C7A631B003ED349 /* Exercise.swift */ = {isa = PBXFileReference; lastKnownFileType = sourcecode.swift; path = Exercise.swift; sourceTree = "<group>"; };
		F2618C312C7B54FA00C95BC8 /* sun-salute.mp4 */ = {isa = PBXFileReference; lastKnownFileType = file; path = "sun-salute.mp4"; sourceTree = "<group>"; };
		F2618C332C7B550800C95BC8 /* step-up.mp4 */ = {isa = PBXFileReference; lastKnownFileType = file; path = "step-up.mp4"; sourceTree = "<group>"; };
		F2618C352C7B551300C95BC8 /* squat.mp4 */ = {isa = PBXFileReference; lastKnownFileType = file; path = squat.mp4; sourceTree = "<group>"; };
		F2618C372C7B551C00C95BC8 /* burpee.mp4 */ = {isa = PBXFileReference; lastKnownFileType = file; path = burpee.mp4; sourceTree = "<group>"; };
		F2618C392C7B58F100C95BC8 /* RatingView.swift */ = {isa = PBXFileReference; lastKnownFileType = sourcecode.swift; path = RatingView.swift; sourceTree = "<group>"; };
		F2618C3B2C7B5B5000C95BC8 /* HistoryView.swift */ = {isa = PBXFileReference; lastKnownFileType = sourcecode.swift; path = HistoryView.swift; sourceTree = "<group>"; };
		F2618C3D2C7B636000C95BC8 /* HistoryStore.swift */ = {isa = PBXFileReference; lastKnownFileType = sourcecode.swift; path = HistoryStore.swift; sourceTree = "<group>"; };
		F2618C422C7B64DF00C95BC8 /* HistoryStoreDevData.swift */ = {isa = PBXFileReference; lastKnownFileType = sourcecode.swift; path = HistoryStoreDevData.swift; sourceTree = "<group>"; };
		F2618C442C7B78B400C95BC8 /* step-up.png */ = {isa = PBXFileReference; lastKnownFileType = image.png; path = "step-up.png"; sourceTree = "<group>"; };
/* End PBXFileReference section */

/* Begin PBXFrameworksBuildPhase section */
		F2058F6A2C7A2B4D003ED349 /* Frameworks */ = {
			isa = PBXFrameworksBuildPhase;
			buildActionMask = 2147483647;
			files = (
			);
			runOnlyForDeploymentPostprocessing = 0;
		};
/* End PBXFrameworksBuildPhase section */

/* Begin PBXGroup section */
		F2058F642C7A2B4D003ED349 = {
			isa = PBXGroup;
			children = (
				F2058F6F2C7A2B4D003ED349 /* MyFirst */,
				F2058F6E2C7A2B4D003ED349 /* Products */,
			);
			sourceTree = "<group>";
		};
		F2058F6E2C7A2B4D003ED349 /* Products */ = {
			isa = PBXGroup;
			children = (
				F2058F6D2C7A2B4D003ED349 /* MyFirst.app */,
			);
			name = Products;
			sourceTree = "<group>";
		};
		F2058F6F2C7A2B4D003ED349 /* MyFirst */ = {
			isa = PBXGroup;
			children = (
				F2618C412C7B63BB00C95BC8 /* Model */,
				F2058F702C7A2B4D003ED349 /* MyFirstApp.swift */,
				F2058F842C7A39C8003ED349 /* Views */,
				F2058F742C7A2B4F003ED349 /* Assets.xcassets */,
				F2058F762C7A2B4F003ED349 /* Preview Content */,
			);
			path = MyFirst;
			sourceTree = "<group>";
		};
		F2058F762C7A2B4F003ED349 /* Preview Content */ = {
			isa = PBXGroup;
			children = (
				F2618C332C7B550800C95BC8 /* step-up.mp4 */,
				F2618C442C7B78B400C95BC8 /* step-up.png */,
				F2618C312C7B54FA00C95BC8 /* sun-salute.mp4 */,
				F2058F772C7A2B4F003ED349 /* Preview Assets.xcassets */,
				F2618C352C7B551300C95BC8 /* squat.mp4 */,
				F2618C372C7B551C00C95BC8 /* burpee.mp4 */,
				F2618C422C7B64DF00C95BC8 /* HistoryStoreDevData.swift */,
			);
			path = "Preview Content";
			sourceTree = "<group>";
		};
		F2058F842C7A39C8003ED349 /* Views */ = {
			isa = PBXGroup;
			children = (
				F2058F722C7A2B4D003ED349 /* ContentView.swift */,
				F2058F822C7A395E003ED349 /* ExerciseView.swift */,
				F2058F852C7A5F63003ED349 /* HeaderView.swift */,
				F2058F802C7A394D003ED349 /* WelcomeView.swift */,
				F2618C392C7B58F100C95BC8 /* RatingView.swift */,
				F2618C3B2C7B5B5000C95BC8 /* HistoryView.swift */,
			);
			path = Views;
			sourceTree = "<group>";
		};
		F2618C412C7B63BB00C95BC8 /* Model */ = {
			isa = PBXGroup;
			children = (
				F2058F892C7A631B003ED349 /* Exercise.swift */,
				F2618C3D2C7B636000C95BC8 /* HistoryStore.swift */,
			);
			path = Model;
			sourceTree = "<group>";
		};
/* End PBXGroup section */

/* Begin PBXNativeTarget section */
		F2058F6C2C7A2B4D003ED349 /* MyFirst */ = {
			isa = PBXNativeTarget;
			buildConfigurationList = F2058F7B2C7A2B4F003ED349 /* Build configuration list for PBXNativeTarget "MyFirst" */;
			buildPhases = (
				F2058F692C7A2B4D003ED349 /* Sources */,
				F2058F6A2C7A2B4D003ED349 /* Frameworks */,
				F2058F6B2C7A2B4D003ED349 /* Resources */,
			);
			buildRules = (
			);
			dependencies = (
			);
			name = MyFirst;
			productName = MyFirst;
			productReference = F2058F6D2C7A2B4D003ED349 /* MyFirst.app */;
			productType = "com.apple.product-type.application";
		};
/* End PBXNativeTarget section */

/* Begin PBXProject section */
		F2058F652C7A2B4D003ED349 /* Project object */ = {
			isa = PBXProject;
			attributes = {
				BuildIndependentTargetsInParallel = 1;
				LastSwiftUpdateCheck = 1540;
				LastUpgradeCheck = 1540;
				TargetAttributes = {
					F2058F6C2C7A2B4D003ED349 = {
						CreatedOnToolsVersion = 15.4;
					};
				};
			};
			buildConfigurationList = F2058F682C7A2B4D003ED349 /* Build configuration list for PBXProject "MyFirst" */;
			compatibilityVersion = "Xcode 14.0";
			developmentRegion = en;
			hasScannedForEncodings = 0;
			knownRegions = (
				en,
				Base,
			);
			mainGroup = F2058F642C7A2B4D003ED349;
			productRefGroup = F2058F6E2C7A2B4D003ED349 /* Products */;
			projectDirPath = "";
			projectRoot = "";
			targets = (
				F2058F6C2C7A2B4D003ED349 /* MyFirst */,
			);
		};
/* End PBXProject section */

/* Begin PBXResourcesBuildPhase section */
		F2058F6B2C7A2B4D003ED349 /* Resources */ = {
			isa = PBXResourcesBuildPhase;
			buildActionMask = 2147483647;
			files = (
				F2618C362C7B551300C95BC8 /* squat.mp4 in Resources */,
				F2618C342C7B550800C95BC8 /* step-up.mp4 in Resources */,
				F2618C382C7B551C00C95BC8 /* burpee.mp4 in Resources */,
				F2618C452C7B78B400C95BC8 /* step-up.png in Resources */,
				F2058F782C7A2B4F003ED349 /* Preview Assets.xcassets in Resources */,
				F2618C322C7B54FA00C95BC8 /* sun-salute.mp4 in Resources */,
				F2058F752C7A2B4F003ED349 /* Assets.xcassets in Resources */,
			);
			runOnlyForDeploymentPostprocessing = 0;
		};
/* End PBXResourcesBuildPhase section */

/* Begin PBXSourcesBuildPhase section */
		F2058F692C7A2B4D003ED349 /* Sources */ = {
			isa = PBXSourcesBuildPhase;
			buildActionMask = 2147483647;
			files = (
				F2058F862C7A5F63003ED349 /* HeaderView.swift in Sources */,
				F2618C3C2C7B5B5000C95BC8 /* HistoryView.swift in Sources */,
				F2058F732C7A2B4D003ED349 /* ContentView.swift in Sources */,
				F2058F712C7A2B4D003ED349 /* MyFirstApp.swift in Sources */,
				F2618C432C7B64DF00C95BC8 /* HistoryStoreDevData.swift in Sources */,
				F2058F812C7A394D003ED349 /* WelcomeView.swift in Sources */,
				F2058F832C7A395E003ED349 /* ExerciseView.swift in Sources */,
				F2058F8A2C7A631B003ED349 /* Exercise.swift in Sources */,
				F2618C3E2C7B636000C95BC8 /* HistoryStore.swift in Sources */,
				F2618C3A2C7B58F100C95BC8 /* RatingView.swift in Sources */,
			);
			runOnlyForDeploymentPostprocessing = 0;
		};
/* End PBXSourcesBuildPhase section */

/* Begin XCBuildConfiguration section */
		F2058F792C7A2B4F003ED349 /* Debug */ = {
			isa = XCBuildConfiguration;
			buildSettings = {
				ALWAYS_SEARCH_USER_PATHS = NO;
				ASSETCATALOG_COMPILER_GENERATE_SWIFT_ASSET_SYMBOL_EXTENSIONS = YES;
				CLANG_ANALYZER_NONNULL = YES;
				CLANG_ANALYZER_NUMBER_OBJECT_CONVERSION = YES_AGGRESSIVE;
				CLANG_CXX_LANGUAGE_STANDARD = "gnu++20";
				CLANG_ENABLE_MODULES = YES;
				CLANG_ENABLE_OBJC_ARC = YES;
				CLANG_ENABLE_OBJC_WEAK = YES;
				CLANG_WARN_BLOCK_CAPTURE_AUTORELEASING = YES;
				CLANG_WARN_BOOL_CONVERSION = YES;
				CLANG_WARN_COMMA = YES;
				CLANG_WARN_CONSTANT_CONVERSION = YES;
				CLANG_WARN_DEPRECATED_OBJC_IMPLEMENTATIONS = YES;
				CLANG_WARN_DIRECT_OBJC_ISA_USAGE = YES_ERROR;
				CLANG_WARN_DOCUMENTATION_COMMENTS = YES;
				CLANG_WARN_EMPTY_BODY = YES;
				CLANG_WARN_ENUM_CONVERSION = YES;
				CLANG_WARN_INFINITE_RECURSION = YES;
				CLANG_WARN_INT_CONVERSION = YES;
				CLANG_WARN_NON_LITERAL_NULL_CONVERSION = YES;
				CLANG_WARN_OBJC_IMPLICIT_RETAIN_SELF = YES;
				CLANG_WARN_OBJC_LITERAL_CONVERSION = YES;
				CLANG_WARN_OBJC_ROOT_CLASS = YES_ERROR;
				CLANG_WARN_QUOTED_INCLUDE_IN_FRAMEWORK_HEADER = YES;
				CLANG_WARN_RANGE_LOOP_ANALYSIS = YES;
				CLANG_WARN_STRICT_PROTOTYPES = YES;
				CLANG_WARN_SUSPICIOUS_MOVE = YES;
				CLANG_WARN_UNGUARDED_AVAILABILITY = YES_AGGRESSIVE;
				CLANG_WARN_UNREACHABLE_CODE = YES;
				CLANG_WARN__DUPLICATE_METHOD_MATCH = YES;
				COPY_PHASE_STRIP = NO;
				DEBUG_INFORMATION_FORMAT = dwarf;
				ENABLE_STRICT_OBJC_MSGSEND = YES;
				ENABLE_TESTABILITY = YES;
				ENABLE_USER_SCRIPT_SANDBOXING = YES;
				GCC_C_LANGUAGE_STANDARD = gnu17;
				GCC_DYNAMIC_NO_PIC = NO;
				GCC_NO_COMMON_BLOCKS = YES;
				GCC_OPTIMIZATION_LEVEL = 0;
				GCC_PREPROCESSOR_DEFINITIONS = (
					"DEBUG=1",
					"$(inherited)",
				);
				GCC_WARN_64_TO_32_BIT_CONVERSION = YES;
				GCC_WARN_ABOUT_RETURN_TYPE = YES_ERROR;
				GCC_WARN_UNDECLARED_SELECTOR = YES;
				GCC_WARN_UNINITIALIZED_AUTOS = YES_AGGRESSIVE;
				GCC_WARN_UNUSED_FUNCTION = YES;
				GCC_WARN_UNUSED_VARIABLE = YES;
				IPHONEOS_DEPLOYMENT_TARGET = 17.5;
				LOCALIZATION_PREFERS_STRING_CATALOGS = YES;
				MTL_ENABLE_DEBUG_INFO = INCLUDE_SOURCE;
				MTL_FAST_MATH = YES;
				ONLY_ACTIVE_ARCH = YES;
				SDKROOT = iphoneos;
				SWIFT_ACTIVE_COMPILATION_CONDITIONS = "DEBUG $(inherited)";
				SWIFT_OPTIMIZATION_LEVEL = "-Onone";
			};
			name = Debug;
		};
		F2058F7A2C7A2B4F003ED349 /* Release */ = {
			isa = XCBuildConfiguration;
			buildSettings = {
				ALWAYS_SEARCH_USER_PATHS = NO;
				ASSETCATALOG_COMPILER_GENERATE_SWIFT_ASSET_SYMBOL_EXTENSIONS = YES;
				CLANG_ANALYZER_NONNULL = YES;
				CLANG_ANALYZER_NUMBER_OBJECT_CONVERSION = YES_AGGRESSIVE;
				CLANG_CXX_LANGUAGE_STANDARD = "gnu++20";
				CLANG_ENABLE_MODULES = YES;
				CLANG_ENABLE_OBJC_ARC = YES;
				CLANG_ENABLE_OBJC_WEAK = YES;
				CLANG_WARN_BLOCK_CAPTURE_AUTORELEASING = YES;
				CLANG_WARN_BOOL_CONVERSION = YES;
				CLANG_WARN_COMMA = YES;
				CLANG_WARN_CONSTANT_CONVERSION = YES;
				CLANG_WARN_DEPRECATED_OBJC_IMPLEMENTATIONS = YES;
				CLANG_WARN_DIRECT_OBJC_ISA_USAGE = YES_ERROR;
				CLANG_WARN_DOCUMENTATION_COMMENTS = YES;
				CLANG_WARN_EMPTY_BODY = YES;
				CLANG_WARN_ENUM_CONVERSION = YES;
				CLANG_WARN_INFINITE_RECURSION = YES;
				CLANG_WARN_INT_CONVERSION = YES;
				CLANG_WARN_NON_LITERAL_NULL_CONVERSION = YES;
				CLANG_WARN_OBJC_IMPLICIT_RETAIN_SELF = YES;
				CLANG_WARN_OBJC_LITERAL_CONVERSION = YES;
				CLANG_WARN_OBJC_ROOT_CLASS = YES_ERROR;
				CLANG_WARN_QUOTED_INCLUDE_IN_FRAMEWORK_HEADER = YES;
				CLANG_WARN_RANGE_LOOP_ANALYSIS = YES;
				CLANG_WARN_STRICT_PROTOTYPES = YES;
				CLANG_WARN_SUSPICIOUS_MOVE = YES;
				CLANG_WARN_UNGUARDED_AVAILABILITY = YES_AGGRESSIVE;
				CLANG_WARN_UNREACHABLE_CODE = YES;
				CLANG_WARN__DUPLICATE_METHOD_MATCH = YES;
				COPY_PHASE_STRIP = NO;
				DEBUG_INFORMATION_FORMAT = "dwarf-with-dsym";
				ENABLE_NS_ASSERTIONS = NO;
				ENABLE_STRICT_OBJC_MSGSEND = YES;
				ENABLE_USER_SCRIPT_SANDBOXING = YES;
				GCC_C_LANGUAGE_STANDARD = gnu17;
				GCC_NO_COMMON_BLOCKS = YES;
				GCC_WARN_64_TO_32_BIT_CONVERSION = YES;
				GCC_WARN_ABOUT_RETURN_TYPE = YES_ERROR;
				GCC_WARN_UNDECLARED_SELECTOR = YES;
				GCC_WARN_UNINITIALIZED_AUTOS = YES_AGGRESSIVE;
				GCC_WARN_UNUSED_FUNCTION = YES;
				GCC_WARN_UNUSED_VARIABLE = YES;
				IPHONEOS_DEPLOYMENT_TARGET = 17.5;
				LOCALIZATION_PREFERS_STRING_CATALOGS = YES;
				MTL_ENABLE_DEBUG_INFO = NO;
				MTL_FAST_MATH = YES;
				SDKROOT = iphoneos;
				SWIFT_COMPILATION_MODE = wholemodule;
				VALIDATE_PRODUCT = YES;
			};
			name = Release;
		};
		F2058F7C2C7A2B4F003ED349 /* Debug */ = {
			isa = XCBuildConfiguration;
			buildSettings = {
				ASSETCATALOG_COMPILER_APPICON_NAME = AppIcon;
				ASSETCATALOG_COMPILER_GLOBAL_ACCENT_COLOR_NAME = AccentColor;
				CODE_SIGN_STYLE = Automatic;
				CURRENT_PROJECT_VERSION = 1;
				DEVELOPMENT_ASSET_PATHS = "\"MyFirst/Preview Content\"";
				ENABLE_PREVIEWS = YES;
				GENERATE_INFOPLIST_FILE = YES;
				INFOPLIST_KEY_UIApplicationSceneManifest_Generation = YES;
				INFOPLIST_KEY_UIApplicationSupportsIndirectInputEvents = YES;
				INFOPLIST_KEY_UILaunchScreen_Generation = YES;
				INFOPLIST_KEY_UISupportedInterfaceOrientations_iPad = "UIInterfaceOrientationPortrait UIInterfaceOrientationPortraitUpsideDown UIInterfaceOrientationLandscapeLeft UIInterfaceOrientationLandscapeRight";
				INFOPLIST_KEY_UISupportedInterfaceOrientations_iPhone = "UIInterfaceOrientationPortrait UIInterfaceOrientationLandscapeLeft UIInterfaceOrientationLandscapeRight";
				LD_RUNPATH_SEARCH_PATHS = (
					"$(inherited)",
					"@executable_path/Frameworks",
				);
				MARKETING_VERSION = 1.0;
				PRODUCT_BUNDLE_IDENTIFIER = "Kaitlyn-Bracey.MyFirst";
				PRODUCT_NAME = "$(TARGET_NAME)";
				SWIFT_EMIT_LOC_STRINGS = YES;
				SWIFT_VERSION = 5.0;
				TARGETED_DEVICE_FAMILY = "1,2";
			};
			name = Debug;
		};
		F2058F7D2C7A2B4F003ED349 /* Release */ = {
			isa = XCBuildConfiguration;
			buildSettings = {
				ASSETCATALOG_COMPILER_APPICON_NAME = AppIcon;
				ASSETCATALOG_COMPILER_GLOBAL_ACCENT_COLOR_NAME = AccentColor;
				CODE_SIGN_STYLE = Automatic;
				CURRENT_PROJECT_VERSION = 1;
				DEVELOPMENT_ASSET_PATHS = "\"MyFirst/Preview Content\"";
				ENABLE_PREVIEWS = YES;
				GENERATE_INFOPLIST_FILE = YES;
				INFOPLIST_KEY_UIApplicationSceneManifest_Generation = YES;
				INFOPLIST_KEY_UIApplicationSupportsIndirectInputEvents = YES;
				INFOPLIST_KEY_UILaunchScreen_Generation = YES;
				INFOPLIST_KEY_UISupportedInterfaceOrientations_iPad = "UIInterfaceOrientationPortrait UIInterfaceOrientationPortraitUpsideDown UIInterfaceOrientationLandscapeLeft UIInterfaceOrientationLandscapeRight";
				INFOPLIST_KEY_UISupportedInterfaceOrientations_iPhone = "UIInterfaceOrientationPortrait UIInterfaceOrientationLandscapeLeft UIInterfaceOrientationLandscapeRight";
				LD_RUNPATH_SEARCH_PATHS = (
					"$(inherited)",
					"@executable_path/Frameworks",
				);
				MARKETING_VERSION = 1.0;
				PRODUCT_BUNDLE_IDENTIFIER = "Kaitlyn-Bracey.MyFirst";
				PRODUCT_NAME = "$(TARGET_NAME)";
				SWIFT_EMIT_LOC_STRINGS = YES;
				SWIFT_VERSION = 5.0;
				TARGETED_DEVICE_FAMILY = "1,2";
			};
			name = Release;
		};
/* End XCBuildConfiguration section */

/* Begin XCConfigurationList section */
		F2058F682C7A2B4D003ED349 /* Build configuration list for PBXProject "MyFirst" */ = {
			isa = XCConfigurationList;
			buildConfigurations = (
				F2058F792C7A2B4F003ED349 /* Debug */,
				F2058F7A2C7A2B4F003ED349 /* Release */,
			);
			defaultConfigurationIsVisible = 0;
			defaultConfigurationName = Release;
		};
		F2058F7B2C7A2B4F003ED349 /* Build configuration list for PBXNativeTarget "MyFirst" */ = {
			isa = XCConfigurationList;
			buildConfigurations = (
				F2058F7C2C7A2B4F003ED349 /* Debug */,
				F2058F7D2C7A2B4F003ED349 /* Release */,
			);
			defaultConfigurationIsVisible = 0;
			defaultConfigurationName = Release;
		};
/* End XCConfigurationList section */
	};
	rootObject = F2058F652C7A2B4D003ED349 /* Project object */;
}
